// !$*UTF8*$!
{
	archiveVersion = 1;
	classes = {
	};
	objectVersion = 46;
	objects = {

/* Begin PBXBuildFile section */
		1C45F19A1756861B00EBE5B3 /* CoreGraphics.framework in Frameworks */ = {isa = PBXBuildFile; fileRef = 1C45F1991756861B00EBE5B3 /* CoreGraphics.framework */; };
		1C4A01EA1756910B002B7CF0 /* PKEase.h in Sources */ = {isa = PBXBuildFile; fileRef = D8BEABC624AE80EBB6AE76D7 /* PKEase.h */; };
		1C4A01ED175691A0002B7CF0 /* QuartzCore.framework in Frameworks */ = {isa = PBXBuildFile; fileRef = 1C4A01EC1756919F002B7CF0 /* QuartzCore.framework */; };
		1C4A01EE175691AE002B7CF0 /* QuartzCore.framework in Frameworks */ = {isa = PBXBuildFile; fileRef = 1C4A01EC1756919F002B7CF0 /* QuartzCore.framework */; };
		1C53C6C3175B7132001E763D /* QuartzCore.framework in Frameworks */ = {isa = PBXBuildFile; fileRef = 1C4A01EC1756919F002B7CF0 /* QuartzCore.framework */; };
		1C53C6C4175B714C001E763D /* PKEase.h in Sources */ = {isa = PBXBuildFile; fileRef = D8BEABC624AE80EBB6AE76D7 /* PKEase.h */; };
		1C5F1B5B175A7E06004A63CF /* PKEase.h in Sources */ = {isa = PBXBuildFile; fileRef = D8BEABC624AE80EBB6AE76D7 /* PKEase.h */; };
		1CEAEDF0175B6D6F00C898CE /* UIKit.framework in Frameworks */ = {isa = PBXBuildFile; fileRef = D8BEA47C42CE0A4DD5600F42 /* UIKit.framework */; };
		1CEAEDF1175B6D6F00C898CE /* Foundation.framework in Frameworks */ = {isa = PBXBuildFile; fileRef = D8BEAD958F901192FEAAA348 /* Foundation.framework */; };
		1CEAEDF3175B6D6F00C898CE /* CoreGraphics.framework in Frameworks */ = {isa = PBXBuildFile; fileRef = 1CEAEDF2175B6D6F00C898CE /* CoreGraphics.framework */; };
		1CEAEDF9175B6D6F00C898CE /* InfoPlist.strings in Resources */ = {isa = PBXBuildFile; fileRef = 1CEAEDF7175B6D6F00C898CE /* InfoPlist.strings */; };
		1CEAEDFB175B6D6F00C898CE /* main.m in Sources */ = {isa = PBXBuildFile; fileRef = 1CEAEDFA175B6D6F00C898CE /* main.m */; };
		1CEAEDFF175B6D6F00C898CE /* AppDelegate.m in Sources */ = {isa = PBXBuildFile; fileRef = 1CEAEDFE175B6D6F00C898CE /* AppDelegate.m */; };
		1CEAEE01175B6D6F00C898CE /* Default.png in Resources */ = {isa = PBXBuildFile; fileRef = 1CEAEE00175B6D6F00C898CE /* Default.png */; };
		1CEAEE03175B6D6F00C898CE /* Default@2x.png in Resources */ = {isa = PBXBuildFile; fileRef = 1CEAEE02175B6D6F00C898CE /* Default@2x.png */; };
		1CEAEE05175B6D6F00C898CE /* Default-568h@2x.png in Resources */ = {isa = PBXBuildFile; fileRef = 1CEAEE04175B6D6F00C898CE /* Default-568h@2x.png */; };
		1CEAEE08175B6D6F00C898CE /* ViewController.m in Sources */ = {isa = PBXBuildFile; fileRef = 1CEAEE07175B6D6F00C898CE /* ViewController.m */; };
		1CEAEE0B175B6D6F00C898CE /* ViewController.xib in Resources */ = {isa = PBXBuildFile; fileRef = 1CEAEE09175B6D6F00C898CE /* ViewController.xib */; };
		1CF2E648175693AC00733544 /* CoreGraphics.framework in Frameworks */ = {isa = PBXBuildFile; fileRef = 1C45F1991756861B00EBE5B3 /* CoreGraphics.framework */; };
		D8BEA017AC302E5ABF46A325 /* PKEaseElastic.m in Sources */ = {isa = PBXBuildFile; fileRef = D8BEA1D0BDF49EB0AA37EE2F /* PKEaseElastic.m */; };
		D8BEA0790F9ACCF6382D04B6 /* PKFadeAnimation.m in Sources */ = {isa = PBXBuildFile; fileRef = D8BEAA88FFD20BE29684B49C /* PKFadeAnimation.m */; };
		D8BEA0EE0767A2C39B15207B /* PKMoveAnimation.m in Sources */ = {isa = PBXBuildFile; fileRef = D8BEABCFF4A43B926F4AA0F1 /* PKMoveAnimation.m */; };
		D8BEA158158349910934CAE0 /* PKFadeAnimation.m in Sources */ = {isa = PBXBuildFile; fileRef = D8BEAA88FFD20BE29684B49C /* PKFadeAnimation.m */; };
		D8BEA1585E9FF66C8A411790 /* PKEaseQuartic.h in CopyFiles */ = {isa = PBXBuildFile; fileRef = D8BEAB233BD068484F5BFB9C /* PKEaseQuartic.h */; };
		D8BEA1819B5A3ABB60695E57 /* PKEaseQuadratic.h in CopyFiles */ = {isa = PBXBuildFile; fileRef = D8BEAD9C9E838A6C3108D198 /* PKEaseQuadratic.h */; };
		D8BEA1E1AA3AE0D8E1626D1C /* Foundation.framework in Frameworks */ = {isa = PBXBuildFile; fileRef = D8BEAD958F901192FEAAA348 /* Foundation.framework */; };
		D8BEA34B4A60812400E3081A /* PKFadeAnimation.h in CopyFiles */ = {isa = PBXBuildFile; fileRef = D8BEAC841C24ECB7EC4CFC89 /* PKFadeAnimation.h */; };
		D8BEA35CA833ABE485635A65 /* PKEaseBounce.h in CopyFiles */ = {isa = PBXBuildFile; fileRef = D8BEA5766D8A5994F2D6A598 /* PKEaseBounce.h */; };
		D8BEA37CC9B6F8D010C63C5D /* PKEaseSine.m in Sources */ = {isa = PBXBuildFile; fileRef = D8BEADAD3F71D01ACDC259DB /* PKEaseSine.m */; };
		D8BEA396E3023BD900E82833 /* PKEaseExponential.m in Sources */ = {isa = PBXBuildFile; fileRef = D8BEACFD70A4644884C4D33C /* PKEaseExponential.m */; };
		D8BEA3CB1BDAAC5806969EB8 /* PKEaseQuadratic.m in Sources */ = {isa = PBXBuildFile; fileRef = D8BEA5B534FCC9EE21414381 /* PKEaseQuadratic.m */; };
		D8BEA3FAB7C7DA05060D1B9C /* PKScaleAnimation.m in Sources */ = {isa = PBXBuildFile; fileRef = D8BEADD7CC94207D54B81A65 /* PKScaleAnimation.m */; };
		D8BEA4128CE2E6733BD75113 /* PKEaseBack.m in Sources */ = {isa = PBXBuildFile; fileRef = D8BEA55771F2EA9AA79FAEB8 /* PKEaseBack.m */; };
		D8BEA46F9983DAC0EBCB8E21 /* InfoPlist.strings in Resources */ = {isa = PBXBuildFile; fileRef = D8BEA9BE4FB6A9AD7402BFC2 /* InfoPlist.strings */; };
		D8BEA4C19AD2705141F591E8 /* PKEaseCircular.m in Sources */ = {isa = PBXBuildFile; fileRef = D8BEA36758DA143498520DCC /* PKEaseCircular.m */; };
		D8BEA4CE0BD4D3EC34184F61 /* PKEaseLinear.h in CopyFiles */ = {isa = PBXBuildFile; fileRef = D8BEAFE552B7A23303DE79CA /* PKEaseLinear.h */; };
		D8BEA4CFC6A992DCD4BB1190 /* PKEaseCubic.m in Sources */ = {isa = PBXBuildFile; fileRef = D8BEA72CE421B5325141CC3C /* PKEaseCubic.m */; };
		D8BEA5137C92096A785F93AD /* UIKit.framework in Frameworks */ = {isa = PBXBuildFile; fileRef = D8BEA47C42CE0A4DD5600F42 /* UIKit.framework */; };
		D8BEA53472D254E6E8203764 /* PKEaseExponential.m in Sources */ = {isa = PBXBuildFile; fileRef = D8BEACFD70A4644884C4D33C /* PKEaseExponential.m */; };
		D8BEA566BE82EF14012F786D /* PKMoveAnimation.m in Sources */ = {isa = PBXBuildFile; fileRef = D8BEABCFF4A43B926F4AA0F1 /* PKMoveAnimation.m */; };
		D8BEA570AAC92508D7088B49 /* PKEaseCircular.m in Sources */ = {isa = PBXBuildFile; fileRef = D8BEA36758DA143498520DCC /* PKEaseCircular.m */; };
		D8BEA57EA3F98717EB1FE08E /* PKScaleAnimation.h in CopyFiles */ = {isa = PBXBuildFile; fileRef = D8BEABFCDCD8C2CFA9B6C959 /* PKScaleAnimation.h */; };
		D8BEA59569F4A37B58E0F9E9 /* PKEaseBounce.m in Sources */ = {isa = PBXBuildFile; fileRef = D8BEA2D5A155AEF96F56FE4D /* PKEaseBounce.m */; };
		D8BEA5BBC3A4696872E84D7B /* PKEaseCircular.h in CopyFiles */ = {isa = PBXBuildFile; fileRef = D8BEAF355B6D78B9D1761978 /* PKEaseCircular.h */; };
		D8BEA5DD2C3606A1E4342861 /* PKFadeAnimation.m in Sources */ = {isa = PBXBuildFile; fileRef = D8BEAA88FFD20BE29684B49C /* PKFadeAnimation.m */; };
		D8BEA64C6A30C4F7A346DCCA /* PKEaseCubic.m in Sources */ = {isa = PBXBuildFile; fileRef = D8BEA72CE421B5325141CC3C /* PKEaseCubic.m */; };
		D8BEA64E03A2C97126132E54 /* PKEaseSine.m in Sources */ = {isa = PBXBuildFile; fileRef = D8BEADAD3F71D01ACDC259DB /* PKEaseSine.m */; };
		D8BEA657AAC9624D6AE0D288 /* PKFadeAnimationSpec.m in Sources */ = {isa = PBXBuildFile; fileRef = D8BEAFAFF2A29AEFCC48160F /* PKFadeAnimationSpec.m */; };
		D8BEA685B341D738B3438F68 /* PKEaseLinear.m in Sources */ = {isa = PBXBuildFile; fileRef = D8BEA14EE187126DC27C57E3 /* PKEaseLinear.m */; };
		D8BEA68928BC6B6811705EC4 /* PKEaseQuadratic.m in Sources */ = {isa = PBXBuildFile; fileRef = D8BEA5B534FCC9EE21414381 /* PKEaseQuadratic.m */; };
		D8BEA724EF5A6ACAB4EB3FF4 /* PKEaseQuartic.m in Sources */ = {isa = PBXBuildFile; fileRef = D8BEA797896BD3E3D39583A8 /* PKEaseQuartic.m */; };
		D8BEA725DA565862D1CF705A /* PKEaseCircular.m in Sources */ = {isa = PBXBuildFile; fileRef = D8BEA36758DA143498520DCC /* PKEaseCircular.m */; };
		D8BEA737FDC0E9F680464732 /* PKMoveAnimation.h in CopyFiles */ = {isa = PBXBuildFile; fileRef = D8BEAC45D26940337EFFB7B4 /* PKMoveAnimation.h */; };
		D8BEA797EDD4571A06C28D55 /* PKEaseQuintic.h in CopyFiles */ = {isa = PBXBuildFile; fileRef = D8BEA0E651C2982D6AE7B690 /* PKEaseQuintic.h */; };
		D8BEA7F416CA231638C405C0 /* PKMoveAnimation.m in Sources */ = {isa = PBXBuildFile; fileRef = D8BEABCFF4A43B926F4AA0F1 /* PKMoveAnimation.m */; };
		D8BEA82E8EB198A095F06ABC /* PKEaseQuintic.m in Sources */ = {isa = PBXBuildFile; fileRef = D8BEA241F5AF247C088E8D02 /* PKEaseQuintic.m */; };
		D8BEA87A22DA46BDF94F2DB9 /* PKScaleAnimation.m in Sources */ = {isa = PBXBuildFile; fileRef = D8BEADD7CC94207D54B81A65 /* PKScaleAnimation.m */; };
		D8BEA903FBAB4692B219CC09 /* PKEaseLinear.m in Sources */ = {isa = PBXBuildFile; fileRef = D8BEA14EE187126DC27C57E3 /* PKEaseLinear.m */; };
		D8BEA921C5610C19A673B0A3 /* PKEaseElastic.m in Sources */ = {isa = PBXBuildFile; fileRef = D8BEA1D0BDF49EB0AA37EE2F /* PKEaseElastic.m */; };
		D8BEA995CF4015C64DAF99BE /* PKEaseQuartic.m in Sources */ = {isa = PBXBuildFile; fileRef = D8BEA797896BD3E3D39583A8 /* PKEaseQuartic.m */; };
		D8BEA9F2D23E9AC032C55BEE /* PKEaseQuintic.m in Sources */ = {isa = PBXBuildFile; fileRef = D8BEA241F5AF247C088E8D02 /* PKEaseQuintic.m */; };
		D8BEA9FE351595A6749662ED /* PKEaseCubic.h in CopyFiles */ = {isa = PBXBuildFile; fileRef = D8BEA1EA00FD8C07583392D1 /* PKEaseCubic.h */; };
		D8BEAA0CCC5D0670BAC752E7 /* rectangle.png in Resources */ = {isa = PBXBuildFile; fileRef = D8BEA5CE3429303C61D72530 /* rectangle.png */; };
		D8BEAA3070A4F23DACDAF533 /* PKMoveAnimationSpec.m in Sources */ = {isa = PBXBuildFile; fileRef = D8BEA7CCAED03001C5DDD858 /* PKMoveAnimationSpec.m */; };
		D8BEAAAAEE6D84C8E0B87B43 /* PKEaseQuintic.m in Sources */ = {isa = PBXBuildFile; fileRef = D8BEA241F5AF247C088E8D02 /* PKEaseQuintic.m */; };
		D8BEAAC85477727A8ACE4AA2 /* PKEaseQuartic.m in Sources */ = {isa = PBXBuildFile; fileRef = D8BEA797896BD3E3D39583A8 /* PKEaseQuartic.m */; };
		D8BEAAD7C344151FDF3C7266 /* PKEaseSine.m in Sources */ = {isa = PBXBuildFile; fileRef = D8BEADAD3F71D01ACDC259DB /* PKEaseSine.m */; };
		D8BEAAE8BF4EB0279969F4AF /* PKEaseExponential.m in Sources */ = {isa = PBXBuildFile; fileRef = D8BEACFD70A4644884C4D33C /* PKEaseExponential.m */; };
		D8BEAB116C541802BEC2EBF2 /* PKEaseElastic.m in Sources */ = {isa = PBXBuildFile; fileRef = D8BEA1D0BDF49EB0AA37EE2F /* PKEaseElastic.m */; };
		D8BEABAD51933CD1BF096A19 /* PKEaseExponential.h in CopyFiles */ = {isa = PBXBuildFile; fileRef = D8BEA0D7F8D30A6989FEEBBA /* PKEaseExponential.h */; };
		D8BEABB00E617D22280CBA61 /* PKEaseCubic.m in Sources */ = {isa = PBXBuildFile; fileRef = D8BEA72CE421B5325141CC3C /* PKEaseCubic.m */; };
		D8BEAC1CF6285EC90E48183A /* PKScaleAnimationSpec.m in Sources */ = {isa = PBXBuildFile; fileRef = D8BEAF798727FD4448140ED8 /* PKScaleAnimationSpec.m */; };
		D8BEAC864C2EBCCC5BCDDD7B /* Foundation.framework in Frameworks */ = {isa = PBXBuildFile; fileRef = D8BEAD958F901192FEAAA348 /* Foundation.framework */; };
		D8BEAD0E709048F7C3B23776 /* PKEaseBack.h in CopyFiles */ = {isa = PBXBuildFile; fileRef = D8BEA3D15192CB8B63AC4FC2 /* PKEaseBack.h */; };
		D8BEAD1109432B9E241B041C /* PKEaseBack.m in Sources */ = {isa = PBXBuildFile; fileRef = D8BEA55771F2EA9AA79FAEB8 /* PKEaseBack.m */; };
		D8BEAD44B6C793105C3975F1 /* SenTestingKit.framework in Frameworks */ = {isa = PBXBuildFile; fileRef = D8BEAB51DE0706B62AC35656 /* SenTestingKit.framework */; };
		D8BEADAA4705EFF14AA6EA85 /* PKEaseBounce.m in Sources */ = {isa = PBXBuildFile; fileRef = D8BEA2D5A155AEF96F56FE4D /* PKEaseBounce.m */; };
		D8BEADD42E4289CAD075CC5A /* PKEaseSine.h in CopyFiles */ = {isa = PBXBuildFile; fileRef = D8BEA729D9EE582702C2EDE8 /* PKEaseSine.h */; };
		D8BEAE64130DF58CD4174B0C /* PKEaseQuadratic.m in Sources */ = {isa = PBXBuildFile; fileRef = D8BEA5B534FCC9EE21414381 /* PKEaseQuadratic.m */; };
		D8BEAE880D866D544A1EC5E4 /* PKEaseLinear.m in Sources */ = {isa = PBXBuildFile; fileRef = D8BEA14EE187126DC27C57E3 /* PKEaseLinear.m */; };
		D8BEAE95F8AD68ACED7A8AE4 /* PKEaseBounce.m in Sources */ = {isa = PBXBuildFile; fileRef = D8BEA2D5A155AEF96F56FE4D /* PKEaseBounce.m */; };
		D8BEAEE08278E443F4C15730 /* PKEaseBack.m in Sources */ = {isa = PBXBuildFile; fileRef = D8BEA55771F2EA9AA79FAEB8 /* PKEaseBack.m */; };
		D8BEAFBDAA0B4A2E090B8DF3 /* PKEase.h in CopyFiles */ = {isa = PBXBuildFile; fileRef = D8BEABC624AE80EBB6AE76D7 /* PKEase.h */; };
		D8BEAFC5CA1BED4F3CEFA671 /* PKEaseElastic.h in CopyFiles */ = {isa = PBXBuildFile; fileRef = D8BEA42B5BADC4204D1EFAEE /* PKEaseElastic.h */; };
		D8BEAFD5F85D73B087E7F100 /* PKScaleAnimation.m in Sources */ = {isa = PBXBuildFile; fileRef = D8BEADD7CC94207D54B81A65 /* PKScaleAnimation.m */; };
		DE522B4681BD422BA276F37B /* libPods.a in Frameworks */ = {isa = PBXBuildFile; fileRef = 370BA1545C9C4B8F86944B0A /* libPods.a */; };
		F111332A30D44818AC2B80C4 /* libPods.a in Frameworks */ = {isa = PBXBuildFile; fileRef = B3C4C3272F9C47C687CED354 /* libPods.a */; };
		F54E5478BD7B43679DA76707 /* libPods-PKAnimationsTests.a in Frameworks */ = {isa = PBXBuildFile; fileRef = E1C9D50E9EA246C6A6134604 /* libPods-PKAnimationsTests.a */; };
/* End PBXBuildFile section */

/* Begin PBXContainerItemProxy section */
		D8BEA50BCBB92D52D821EE94 /* PBXContainerItemProxy */ = {
			isa = PBXContainerItemProxy;
			containerPortal = D8BEAEAFF596D00D21B61BBB /* Project object */;
			proxyType = 1;
			remoteGlobalIDString = D8BEA794BD03D8AFF49A161C;
			remoteInfo = PKAnimations;
		};
/* End PBXContainerItemProxy section */

/* Begin PBXCopyFilesBuildPhase section */
		D8BEAABB4863042DFB8C9BFC /* CopyFiles */ = {
			isa = PBXCopyFilesBuildPhase;
			buildActionMask = 2147483647;
			dstPath = "include/${PRODUCT_NAME}";
			dstSubfolderSpec = 16;
			files = (
				D8BEAFBDAA0B4A2E090B8DF3 /* PKEase.h in CopyFiles */,
				D8BEA4CE0BD4D3EC34184F61 /* PKEaseLinear.h in CopyFiles */,
				D8BEA737FDC0E9F680464732 /* PKMoveAnimation.h in CopyFiles */,
				D8BEA34B4A60812400E3081A /* PKFadeAnimation.h in CopyFiles */,
				D8BEA57EA3F98717EB1FE08E /* PKScaleAnimation.h in CopyFiles */,
				D8BEA35CA833ABE485635A65 /* PKEaseBounce.h in CopyFiles */,
				D8BEAD0E709048F7C3B23776 /* PKEaseBack.h in CopyFiles */,
				D8BEA5BBC3A4696872E84D7B /* PKEaseCircular.h in CopyFiles */,
				D8BEA9FE351595A6749662ED /* PKEaseCubic.h in CopyFiles */,
				D8BEAFC5CA1BED4F3CEFA671 /* PKEaseElastic.h in CopyFiles */,
				D8BEABAD51933CD1BF096A19 /* PKEaseExponential.h in CopyFiles */,
				D8BEA1819B5A3ABB60695E57 /* PKEaseQuadratic.h in CopyFiles */,
				D8BEA1585E9FF66C8A411790 /* PKEaseQuartic.h in CopyFiles */,
				D8BEA797EDD4571A06C28D55 /* PKEaseQuintic.h in CopyFiles */,
				D8BEADD42E4289CAD075CC5A /* PKEaseSine.h in CopyFiles */,
			);
			runOnlyForDeploymentPostprocessing = 0;
		};
/* End PBXCopyFilesBuildPhase section */

/* Begin PBXFileReference section */
		1C45F1991756861B00EBE5B3 /* CoreGraphics.framework */ = {isa = PBXFileReference; lastKnownFileType = wrapper.framework; name = CoreGraphics.framework; path = System/Library/Frameworks/CoreGraphics.framework; sourceTree = SDKROOT; };
		1C4A01EC1756919F002B7CF0 /* QuartzCore.framework */ = {isa = PBXFileReference; lastKnownFileType = wrapper.framework; name = QuartzCore.framework; path = System/Library/Frameworks/QuartzCore.framework; sourceTree = SDKROOT; };
		1CEAEDEF175B6D6E00C898CE /* PKAnimationsExample.app */ = {isa = PBXFileReference; explicitFileType = wrapper.application; includeInIndex = 0; path = PKAnimationsExample.app; sourceTree = BUILT_PRODUCTS_DIR; };
		1CEAEDF2175B6D6F00C898CE /* CoreGraphics.framework */ = {isa = PBXFileReference; lastKnownFileType = wrapper.framework; name = CoreGraphics.framework; path = System/Library/Frameworks/CoreGraphics.framework; sourceTree = SDKROOT; };
		1CEAEDF6175B6D6F00C898CE /* PKAnimationsExample-Info.plist */ = {isa = PBXFileReference; lastKnownFileType = text.plist.xml; path = "PKAnimationsExample-Info.plist"; sourceTree = "<group>"; };
		1CEAEDF8175B6D6F00C898CE /* en */ = {isa = PBXFileReference; lastKnownFileType = text.plist.strings; name = en; path = en.lproj/InfoPlist.strings; sourceTree = "<group>"; };
		1CEAEDFA175B6D6F00C898CE /* main.m */ = {isa = PBXFileReference; lastKnownFileType = sourcecode.c.objc; path = main.m; sourceTree = "<group>"; };
		1CEAEDFC175B6D6F00C898CE /* PKAnimationsExample-Prefix.pch */ = {isa = PBXFileReference; lastKnownFileType = sourcecode.c.h; path = "PKAnimationsExample-Prefix.pch"; sourceTree = "<group>"; };
		1CEAEDFD175B6D6F00C898CE /* AppDelegate.h */ = {isa = PBXFileReference; lastKnownFileType = sourcecode.c.h; path = AppDelegate.h; sourceTree = "<group>"; };
		1CEAEDFE175B6D6F00C898CE /* AppDelegate.m */ = {isa = PBXFileReference; lastKnownFileType = sourcecode.c.objc; path = AppDelegate.m; sourceTree = "<group>"; };
		1CEAEE00175B6D6F00C898CE /* Default.png */ = {isa = PBXFileReference; lastKnownFileType = image.png; path = Default.png; sourceTree = "<group>"; };
		1CEAEE02175B6D6F00C898CE /* Default@2x.png */ = {isa = PBXFileReference; lastKnownFileType = image.png; path = "Default@2x.png"; sourceTree = "<group>"; };
		1CEAEE04175B6D6F00C898CE /* Default-568h@2x.png */ = {isa = PBXFileReference; lastKnownFileType = image.png; path = "Default-568h@2x.png"; sourceTree = "<group>"; };
		1CEAEE06175B6D6F00C898CE /* ViewController.h */ = {isa = PBXFileReference; lastKnownFileType = sourcecode.c.h; path = ViewController.h; sourceTree = "<group>"; };
		1CEAEE07175B6D6F00C898CE /* ViewController.m */ = {isa = PBXFileReference; lastKnownFileType = sourcecode.c.objc; path = ViewController.m; sourceTree = "<group>"; };
		1CEAEE0A175B6D6F00C898CE /* ViewController.xib */ = {isa = PBXFileReference; lastKnownFileType = file.xib; name = ViewController.xib; path = en.lproj/ViewController.xib; sourceTree = "<group>"; };
		370BA1545C9C4B8F86944B0A /* libPods.a */ = {isa = PBXFileReference; explicitFileType = archive.ar; includeInIndex = 0; path = libPods.a; sourceTree = BUILT_PRODUCTS_DIR; };
		4273FC4425E34C4296BDA3BC /* Pods.xcconfig */ = {isa = PBXFileReference; includeInIndex = 1; lastKnownFileType = text.xcconfig; name = Pods.xcconfig; path = Pods/Pods.xcconfig; sourceTree = SOURCE_ROOT; };
		A743A831E6A748C1AF101401 /* Pods.xcconfig */ = {isa = PBXFileReference; includeInIndex = 1; lastKnownFileType = text.xcconfig; name = Pods.xcconfig; path = Pods/Pods.xcconfig; sourceTree = SOURCE_ROOT; };
		AD4216C76DB8429891DE93D6 /* Pods-PKAnimationsTests.xcconfig */ = {isa = PBXFileReference; includeInIndex = 1; lastKnownFileType = text.xcconfig; name = "Pods-PKAnimationsTests.xcconfig"; path = "Pods/Pods-PKAnimationsTests.xcconfig"; sourceTree = SOURCE_ROOT; };
		B3C4C3272F9C47C687CED354 /* libPods.a */ = {isa = PBXFileReference; explicitFileType = archive.ar; includeInIndex = 0; path = libPods.a; sourceTree = BUILT_PRODUCTS_DIR; };
		D8BEA0D7F8D30A6989FEEBBA /* PKEaseExponential.h */ = {isa = PBXFileReference; fileEncoding = 4; lastKnownFileType = sourcecode.c.h; path = PKEaseExponential.h; sourceTree = "<group>"; };
		D8BEA0E651C2982D6AE7B690 /* PKEaseQuintic.h */ = {isa = PBXFileReference; fileEncoding = 4; lastKnownFileType = sourcecode.c.h; path = PKEaseQuintic.h; sourceTree = "<group>"; };
		D8BEA14EE187126DC27C57E3 /* PKEaseLinear.m */ = {isa = PBXFileReference; fileEncoding = 4; lastKnownFileType = sourcecode.c.objc; path = PKEaseLinear.m; sourceTree = "<group>"; };
		D8BEA1D0BDF49EB0AA37EE2F /* PKEaseElastic.m */ = {isa = PBXFileReference; fileEncoding = 4; lastKnownFileType = sourcecode.c.objc; path = PKEaseElastic.m; sourceTree = "<group>"; };
		D8BEA1EA00FD8C07583392D1 /* PKEaseCubic.h */ = {isa = PBXFileReference; fileEncoding = 4; lastKnownFileType = sourcecode.c.h; path = PKEaseCubic.h; sourceTree = "<group>"; };
		D8BEA241F5AF247C088E8D02 /* PKEaseQuintic.m */ = {isa = PBXFileReference; fileEncoding = 4; lastKnownFileType = sourcecode.c.objc; path = PKEaseQuintic.m; sourceTree = "<group>"; };
		D8BEA2D5A155AEF96F56FE4D /* PKEaseBounce.m */ = {isa = PBXFileReference; fileEncoding = 4; lastKnownFileType = sourcecode.c.objc; path = PKEaseBounce.m; sourceTree = "<group>"; };
		D8BEA36758DA143498520DCC /* PKEaseCircular.m */ = {isa = PBXFileReference; fileEncoding = 4; lastKnownFileType = sourcecode.c.objc; path = PKEaseCircular.m; sourceTree = "<group>"; };
		D8BEA372B14C9F8BC4ADEDD9 /* PKAnimationsTests-Info.plist */ = {isa = PBXFileReference; lastKnownFileType = text.plist.info; path = "PKAnimationsTests-Info.plist"; sourceTree = "<group>"; };
		D8BEA3D15192CB8B63AC4FC2 /* PKEaseBack.h */ = {isa = PBXFileReference; fileEncoding = 4; lastKnownFileType = sourcecode.c.h; path = PKEaseBack.h; sourceTree = "<group>"; };
		D8BEA42B5BADC4204D1EFAEE /* PKEaseElastic.h */ = {isa = PBXFileReference; fileEncoding = 4; lastKnownFileType = sourcecode.c.h; path = PKEaseElastic.h; sourceTree = "<group>"; };
		D8BEA47C42CE0A4DD5600F42 /* UIKit.framework */ = {isa = PBXFileReference; lastKnownFileType = wrapper.framework; name = UIKit.framework; path = System/Library/Frameworks/UIKit.framework; sourceTree = SDKROOT; };
		D8BEA55771F2EA9AA79FAEB8 /* PKEaseBack.m */ = {isa = PBXFileReference; fileEncoding = 4; lastKnownFileType = sourcecode.c.objc; path = PKEaseBack.m; sourceTree = "<group>"; };
		D8BEA575DEE6975E8CE849EA /* en */ = {isa = PBXFileReference; lastKnownFileType = text.plist.strings; name = en; path = en.lproj/InfoPlist.strings; sourceTree = "<group>"; };
		D8BEA5766D8A5994F2D6A598 /* PKEaseBounce.h */ = {isa = PBXFileReference; fileEncoding = 4; lastKnownFileType = sourcecode.c.h; path = PKEaseBounce.h; sourceTree = "<group>"; };
		D8BEA5B534FCC9EE21414381 /* PKEaseQuadratic.m */ = {isa = PBXFileReference; fileEncoding = 4; lastKnownFileType = sourcecode.c.objc; path = PKEaseQuadratic.m; sourceTree = "<group>"; };
		D8BEA5CE3429303C61D72530 /* rectangle.png */ = {isa = PBXFileReference; lastKnownFileType = image.png; path = rectangle.png; sourceTree = "<group>"; };
		D8BEA729D9EE582702C2EDE8 /* PKEaseSine.h */ = {isa = PBXFileReference; fileEncoding = 4; lastKnownFileType = sourcecode.c.h; path = PKEaseSine.h; sourceTree = "<group>"; };
		D8BEA72CE421B5325141CC3C /* PKEaseCubic.m */ = {isa = PBXFileReference; fileEncoding = 4; lastKnownFileType = sourcecode.c.objc; path = PKEaseCubic.m; sourceTree = "<group>"; };
		D8BEA797896BD3E3D39583A8 /* PKEaseQuartic.m */ = {isa = PBXFileReference; fileEncoding = 4; lastKnownFileType = sourcecode.c.objc; path = PKEaseQuartic.m; sourceTree = "<group>"; };
		D8BEA7CCAED03001C5DDD858 /* PKMoveAnimationSpec.m */ = {isa = PBXFileReference; fileEncoding = 4; lastKnownFileType = sourcecode.c.objc; path = PKMoveAnimationSpec.m; sourceTree = "<group>"; };
		D8BEA99EFD8288C95BED165C /* libPKAnimations.a */ = {isa = PBXFileReference; explicitFileType = archive.ar; includeInIndex = 0; path = libPKAnimations.a; sourceTree = BUILT_PRODUCTS_DIR; };
		D8BEA9A60095EF45F6549D88 /* PKAnimations-Prefix.pch */ = {isa = PBXFileReference; lastKnownFileType = sourcecode.c.h; path = "PKAnimations-Prefix.pch"; sourceTree = "<group>"; };
		D8BEAA88FFD20BE29684B49C /* PKFadeAnimation.m */ = {isa = PBXFileReference; fileEncoding = 4; lastKnownFileType = sourcecode.c.objc; path = PKFadeAnimation.m; sourceTree = "<group>"; };
		D8BEAB233BD068484F5BFB9C /* PKEaseQuartic.h */ = {isa = PBXFileReference; fileEncoding = 4; lastKnownFileType = sourcecode.c.h; path = PKEaseQuartic.h; sourceTree = "<group>"; };
		D8BEAB51DE0706B62AC35656 /* SenTestingKit.framework */ = {isa = PBXFileReference; lastKnownFileType = wrapper.framework; name = SenTestingKit.framework; path = Library/Frameworks/SenTestingKit.framework; sourceTree = DEVELOPER_DIR; };
		D8BEABC624AE80EBB6AE76D7 /* PKEase.h */ = {isa = PBXFileReference; fileEncoding = 4; lastKnownFileType = sourcecode.c.h; path = PKEase.h; sourceTree = "<group>"; };
		D8BEABCFF4A43B926F4AA0F1 /* PKMoveAnimation.m */ = {isa = PBXFileReference; fileEncoding = 4; lastKnownFileType = sourcecode.c.objc; path = PKMoveAnimation.m; sourceTree = "<group>"; };
		D8BEABFCDCD8C2CFA9B6C959 /* PKScaleAnimation.h */ = {isa = PBXFileReference; fileEncoding = 4; lastKnownFileType = sourcecode.c.h; path = PKScaleAnimation.h; sourceTree = "<group>"; };
		D8BEAC45D26940337EFFB7B4 /* PKMoveAnimation.h */ = {isa = PBXFileReference; fileEncoding = 4; lastKnownFileType = sourcecode.c.h; path = PKMoveAnimation.h; sourceTree = "<group>"; };
		D8BEAC51B09CAF9930B03F8A /* PKAnimationsTests.octest */ = {isa = PBXFileReference; explicitFileType = wrapper.cfbundle; includeInIndex = 0; path = PKAnimationsTests.octest; sourceTree = BUILT_PRODUCTS_DIR; };
		D8BEAC841C24ECB7EC4CFC89 /* PKFadeAnimation.h */ = {isa = PBXFileReference; fileEncoding = 4; lastKnownFileType = sourcecode.c.h; path = PKFadeAnimation.h; sourceTree = "<group>"; };
		D8BEACFD70A4644884C4D33C /* PKEaseExponential.m */ = {isa = PBXFileReference; fileEncoding = 4; lastKnownFileType = sourcecode.c.objc; path = PKEaseExponential.m; sourceTree = "<group>"; };
		D8BEAD958F901192FEAAA348 /* Foundation.framework */ = {isa = PBXFileReference; lastKnownFileType = wrapper.framework; name = Foundation.framework; path = System/Library/Frameworks/Foundation.framework; sourceTree = SDKROOT; };
		D8BEAD9C9E838A6C3108D198 /* PKEaseQuadratic.h */ = {isa = PBXFileReference; fileEncoding = 4; lastKnownFileType = sourcecode.c.h; path = PKEaseQuadratic.h; sourceTree = "<group>"; };
		D8BEADAD3F71D01ACDC259DB /* PKEaseSine.m */ = {isa = PBXFileReference; fileEncoding = 4; lastKnownFileType = sourcecode.c.objc; path = PKEaseSine.m; sourceTree = "<group>"; };
		D8BEADD7CC94207D54B81A65 /* PKScaleAnimation.m */ = {isa = PBXFileReference; fileEncoding = 4; lastKnownFileType = sourcecode.c.objc; path = PKScaleAnimation.m; sourceTree = "<group>"; };
		D8BEAF355B6D78B9D1761978 /* PKEaseCircular.h */ = {isa = PBXFileReference; fileEncoding = 4; lastKnownFileType = sourcecode.c.h; path = PKEaseCircular.h; sourceTree = "<group>"; };
		D8BEAF798727FD4448140ED8 /* PKScaleAnimationSpec.m */ = {isa = PBXFileReference; fileEncoding = 4; lastKnownFileType = sourcecode.c.objc; path = PKScaleAnimationSpec.m; sourceTree = "<group>"; };
		D8BEAFAFF2A29AEFCC48160F /* PKFadeAnimationSpec.m */ = {isa = PBXFileReference; fileEncoding = 4; lastKnownFileType = sourcecode.c.objc; path = PKFadeAnimationSpec.m; sourceTree = "<group>"; };
		D8BEAFE552B7A23303DE79CA /* PKEaseLinear.h */ = {isa = PBXFileReference; fileEncoding = 4; lastKnownFileType = sourcecode.c.h; path = PKEaseLinear.h; sourceTree = "<group>"; };
		E1C9D50E9EA246C6A6134604 /* libPods-PKAnimationsTests.a */ = {isa = PBXFileReference; explicitFileType = archive.ar; includeInIndex = 0; path = "libPods-PKAnimationsTests.a"; sourceTree = BUILT_PRODUCTS_DIR; };
/* End PBXFileReference section */

/* Begin PBXFrameworksBuildPhase section */
		1CEAEDEC175B6D6E00C898CE /* Frameworks */ = {
			isa = PBXFrameworksBuildPhase;
			buildActionMask = 2147483647;
			files = (
				1C53C6C3175B7132001E763D /* QuartzCore.framework in Frameworks */,
				1CEAEDF0175B6D6F00C898CE /* UIKit.framework in Frameworks */,
				1CEAEDF1175B6D6F00C898CE /* Foundation.framework in Frameworks */,
				1CEAEDF3175B6D6F00C898CE /* CoreGraphics.framework in Frameworks */,
				DE522B4681BD422BA276F37B /* libPods.a in Frameworks */,
			);
			runOnlyForDeploymentPostprocessing = 0;
		};
		D8BEA00C280A1AF0AE14F069 /* Frameworks */ = {
			isa = PBXFrameworksBuildPhase;
			buildActionMask = 2147483647;
			files = (
				1C4A01ED175691A0002B7CF0 /* QuartzCore.framework in Frameworks */,
				1C45F19A1756861B00EBE5B3 /* CoreGraphics.framework in Frameworks */,
				D8BEA1E1AA3AE0D8E1626D1C /* Foundation.framework in Frameworks */,
				F111332A30D44818AC2B80C4 /* libPods.a in Frameworks */,
			);
			runOnlyForDeploymentPostprocessing = 0;
		};
		D8BEA4691928A6E2A73EC38C /* Frameworks */ = {
			isa = PBXFrameworksBuildPhase;
			buildActionMask = 2147483647;
			files = (
				1CF2E648175693AC00733544 /* CoreGraphics.framework in Frameworks */,
				1C4A01EE175691AE002B7CF0 /* QuartzCore.framework in Frameworks */,
				D8BEAD44B6C793105C3975F1 /* SenTestingKit.framework in Frameworks */,
				D8BEA5137C92096A785F93AD /* UIKit.framework in Frameworks */,
				D8BEAC864C2EBCCC5BCDDD7B /* Foundation.framework in Frameworks */,
				F54E5478BD7B43679DA76707 /* libPods-PKAnimationsTests.a in Frameworks */,
			);
			runOnlyForDeploymentPostprocessing = 0;
		};
/* End PBXFrameworksBuildPhase section */

/* Begin PBXGroup section */
		1CEAEDF4175B6D6F00C898CE /* PKAnimationsExample */ = {
			isa = PBXGroup;
			children = (
				1CEAEDFD175B6D6F00C898CE /* AppDelegate.h */,
				1CEAEDFE175B6D6F00C898CE /* AppDelegate.m */,
				1CEAEE06175B6D6F00C898CE /* ViewController.h */,
				1CEAEE07175B6D6F00C898CE /* ViewController.m */,
				1CEAEE09175B6D6F00C898CE /* ViewController.xib */,
				1CEAEDF5175B6D6F00C898CE /* Supporting Files */,
				D8BEAC359DBEDD6906D909D8 /* Ressources */,
			);
			path = PKAnimationsExample;
			sourceTree = "<group>";
		};
		1CEAEDF5175B6D6F00C898CE /* Supporting Files */ = {
			isa = PBXGroup;
			children = (
				1CEAEDF6175B6D6F00C898CE /* PKAnimationsExample-Info.plist */,
				1CEAEDF7175B6D6F00C898CE /* InfoPlist.strings */,
				1CEAEDFA175B6D6F00C898CE /* main.m */,
				1CEAEDFC175B6D6F00C898CE /* PKAnimationsExample-Prefix.pch */,
				1CEAEE00175B6D6F00C898CE /* Default.png */,
				1CEAEE02175B6D6F00C898CE /* Default@2x.png */,
				1CEAEE04175B6D6F00C898CE /* Default-568h@2x.png */,
			);
			name = "Supporting Files";
			sourceTree = "<group>";
		};
		D8BEA2969519ED05B6E3A5F9 /* Products */ = {
			isa = PBXGroup;
			children = (
				D8BEA99EFD8288C95BED165C /* libPKAnimations.a */,
				D8BEAC51B09CAF9930B03F8A /* PKAnimationsTests.octest */,
				1CEAEDEF175B6D6E00C898CE /* PKAnimationsExample.app */,
			);
			name = Products;
			sourceTree = "<group>";
		};
		D8BEA3900FA178651B251811 = {
			isa = PBXGroup;
			children = (
				1C4A01EC1756919F002B7CF0 /* QuartzCore.framework */,
				1C45F1991756861B00EBE5B3 /* CoreGraphics.framework */,
				1CEAEDF4175B6D6F00C898CE /* PKAnimationsExample */,
				D8BEA2969519ED05B6E3A5F9 /* Products */,
				D8BEAEC33F37E01F33B60F1A /* Frameworks */,
				D8BEAF7CE5209A2B2CD68631 /* PKAnimations */,
				D8BEA6FC0D2FE0D4027C1552 /* PKAnimationsTests */,
				A743A831E6A748C1AF101401 /* Pods.xcconfig */,
				AD4216C76DB8429891DE93D6 /* Pods-PKAnimationsTests.xcconfig */,
				4273FC4425E34C4296BDA3BC /* Pods.xcconfig */,
			);
			sourceTree = "<group>";
		};
		D8BEA4DE4C2D2C06960965AE /* ease */ = {
			isa = PBXGroup;
			children = (
				D8BEABC624AE80EBB6AE76D7 /* PKEase.h */,
				D8BEA14EE187126DC27C57E3 /* PKEaseLinear.m */,
				D8BEAFE552B7A23303DE79CA /* PKEaseLinear.h */,
				D8BEA2D5A155AEF96F56FE4D /* PKEaseBounce.m */,
				D8BEA5766D8A5994F2D6A598 /* PKEaseBounce.h */,
				D8BEA55771F2EA9AA79FAEB8 /* PKEaseBack.m */,
				D8BEA3D15192CB8B63AC4FC2 /* PKEaseBack.h */,
				D8BEA36758DA143498520DCC /* PKEaseCircular.m */,
				D8BEAF355B6D78B9D1761978 /* PKEaseCircular.h */,
				D8BEA72CE421B5325141CC3C /* PKEaseCubic.m */,
				D8BEA1EA00FD8C07583392D1 /* PKEaseCubic.h */,
				D8BEA1D0BDF49EB0AA37EE2F /* PKEaseElastic.m */,
				D8BEA42B5BADC4204D1EFAEE /* PKEaseElastic.h */,
				D8BEACFD70A4644884C4D33C /* PKEaseExponential.m */,
				D8BEA0D7F8D30A6989FEEBBA /* PKEaseExponential.h */,
				D8BEA5B534FCC9EE21414381 /* PKEaseQuadratic.m */,
				D8BEAD9C9E838A6C3108D198 /* PKEaseQuadratic.h */,
				D8BEA797896BD3E3D39583A8 /* PKEaseQuartic.m */,
				D8BEAB233BD068484F5BFB9C /* PKEaseQuartic.h */,
				D8BEA241F5AF247C088E8D02 /* PKEaseQuintic.m */,
				D8BEA0E651C2982D6AE7B690 /* PKEaseQuintic.h */,
				D8BEADAD3F71D01ACDC259DB /* PKEaseSine.m */,
				D8BEA729D9EE582702C2EDE8 /* PKEaseSine.h */,
			);
			path = ease;
			sourceTree = "<group>";
		};
		D8BEA6FC0D2FE0D4027C1552 /* PKAnimationsTests */ = {
			isa = PBXGroup;
			children = (
				D8BEAF9A7A80DF47711FAB05 /* Supporting Files */,
				D8BEA7CCAED03001C5DDD858 /* PKMoveAnimationSpec.m */,
				D8BEAFAFF2A29AEFCC48160F /* PKFadeAnimationSpec.m */,
				D8BEAF798727FD4448140ED8 /* PKScaleAnimationSpec.m */,
			);
			path = PKAnimationsTests;
			sourceTree = "<group>";
		};
		D8BEAC359DBEDD6906D909D8 /* Ressources */ = {
			isa = PBXGroup;
			children = (
				D8BEA5CE3429303C61D72530 /* rectangle.png */,
			);
			path = Ressources;
			sourceTree = "<group>";
		};
		D8BEAC54034D72066032A8CE /* animation */ = {
			isa = PBXGroup;
			children = (
				D8BEAC45D26940337EFFB7B4 /* PKMoveAnimation.h */,
				D8BEABCFF4A43B926F4AA0F1 /* PKMoveAnimation.m */,
				D8BEAA88FFD20BE29684B49C /* PKFadeAnimation.m */,
				D8BEAC841C24ECB7EC4CFC89 /* PKFadeAnimation.h */,
				D8BEADD7CC94207D54B81A65 /* PKScaleAnimation.m */,
				D8BEABFCDCD8C2CFA9B6C959 /* PKScaleAnimation.h */,
			);
			path = animation;
			sourceTree = "<group>";
		};
		D8BEADBF7906C73F4C865171 /* Supporting Files */ = {
			isa = PBXGroup;
			children = (
				D8BEA9A60095EF45F6549D88 /* PKAnimations-Prefix.pch */,
			);
			name = "Supporting Files";
			sourceTree = "<group>";
		};
		D8BEAEC33F37E01F33B60F1A /* Frameworks */ = {
			isa = PBXGroup;
			children = (
				D8BEAD958F901192FEAAA348 /* Foundation.framework */,
				D8BEAB51DE0706B62AC35656 /* SenTestingKit.framework */,
				D8BEA47C42CE0A4DD5600F42 /* UIKit.framework */,
				B3C4C3272F9C47C687CED354 /* libPods.a */,
				E1C9D50E9EA246C6A6134604 /* libPods-PKAnimationsTests.a */,
				1CEAEDF2175B6D6F00C898CE /* CoreGraphics.framework */,
				370BA1545C9C4B8F86944B0A /* libPods.a */,
			);
			name = Frameworks;
			sourceTree = "<group>";
		};
		D8BEAF7CE5209A2B2CD68631 /* PKAnimations */ = {
			isa = PBXGroup;
			children = (
				D8BEADBF7906C73F4C865171 /* Supporting Files */,
				D8BEA4DE4C2D2C06960965AE /* ease */,
				D8BEAC54034D72066032A8CE /* animation */,
			);
			path = PKAnimations;
			sourceTree = "<group>";
		};
		D8BEAF9A7A80DF47711FAB05 /* Supporting Files */ = {
			isa = PBXGroup;
			children = (
				D8BEA372B14C9F8BC4ADEDD9 /* PKAnimationsTests-Info.plist */,
				D8BEA9BE4FB6A9AD7402BFC2 /* InfoPlist.strings */,
			);
			name = "Supporting Files";
			sourceTree = "<group>";
		};
/* End PBXGroup section */

/* Begin PBXNativeTarget section */
		1CEAEDEE175B6D6E00C898CE /* PKAnimationsExample */ = {
			isa = PBXNativeTarget;
			buildConfigurationList = 1CEAEE11175B6D6F00C898CE /* Build configuration list for PBXNativeTarget "PKAnimationsExample" */;
			buildPhases = (
				36078B19D41E40BAA8D0CB97 /* Check Pods Manifest.lock */,
				1CEAEDEB175B6D6E00C898CE /* Sources */,
				1CEAEDEC175B6D6E00C898CE /* Frameworks */,
				1CEAEDED175B6D6E00C898CE /* Resources */,
				70A8B7423C874035A5744097 /* Copy Pods Resources */,
			);
			buildRules = (
			);
			dependencies = (
			);
			name = PKAnimationsExample;
			productName = PKAnimationsExample;
			productReference = 1CEAEDEF175B6D6E00C898CE /* PKAnimationsExample.app */;
			productType = "com.apple.product-type.application";
		};
		D8BEA794BD03D8AFF49A161C /* PKAnimations */ = {
			isa = PBXNativeTarget;
			buildConfigurationList = D8BEAD11FCC83516B95D9E14 /* Build configuration list for PBXNativeTarget "PKAnimations" */;
			buildPhases = (
				ECF826B3153B434897418211 /* Check Pods Manifest.lock */,
				D8BEA388B401627DE79E67AF /* Sources */,
				D8BEA00C280A1AF0AE14F069 /* Frameworks */,
				D8BEAABB4863042DFB8C9BFC /* CopyFiles */,
				F904C00B9218489DAE4A647F /* Copy Pods Resources */,
			);
			buildRules = (
			);
			dependencies = (
			);
			name = PKAnimations;
			productName = PKAnimations;
			productReference = D8BEA99EFD8288C95BED165C /* libPKAnimations.a */;
			productType = "com.apple.product-type.library.static";
		};
		D8BEA8B6D06C6C1E638DD6CB /* PKAnimationsTests */ = {
			isa = PBXNativeTarget;
			buildConfigurationList = D8BEA17C12EFDB405D827962 /* Build configuration list for PBXNativeTarget "PKAnimationsTests" */;
			buildPhases = (
				92862987BD5843BE81E1547D /* Check Pods Manifest.lock */,
				D8BEAA3D2CA08936C27F44FE /* Sources */,
				D8BEA4691928A6E2A73EC38C /* Frameworks */,
				D8BEA94AB45E0263C6C8D589 /* Resources */,
				D8BEA577C9910B46A05DE37D /* ShellScript */,
				871A764899154895A83637F1 /* Copy Pods Resources */,
			);
			buildRules = (
			);
			dependencies = (
				D8BEA6F6BE6CFC7100F108B9 /* PBXTargetDependency */,
			);
			name = PKAnimationsTests;
			productName = PKAnimationsTests;
			productReference = D8BEAC51B09CAF9930B03F8A /* PKAnimationsTests.octest */;
			productType = "com.apple.product-type.bundle";
		};
/* End PBXNativeTarget section */

/* Begin PBXProject section */
		D8BEAEAFF596D00D21B61BBB /* Project object */ = {
			isa = PBXProject;
			attributes = {
				ORGANIZATIONNAME = "Patrick Kulling";
			};
			buildConfigurationList = D8BEAC9AECBAE7511E46CE2C /* Build configuration list for PBXProject "PKAnimations" */;
			compatibilityVersion = "Xcode 3.2";
			developmentRegion = English;
			hasScannedForEncodings = 0;
			knownRegions = (
				en,
			);
			mainGroup = D8BEA3900FA178651B251811;
			productRefGroup = D8BEA2969519ED05B6E3A5F9 /* Products */;
			projectDirPath = "";
			projectRoot = "";
			targets = (
				1CEAEDEE175B6D6E00C898CE /* PKAnimationsExample */,
				D8BEA794BD03D8AFF49A161C /* PKAnimations */,
				D8BEA8B6D06C6C1E638DD6CB /* PKAnimationsTests */,
			);
		};
/* End PBXProject section */

/* Begin PBXResourcesBuildPhase section */
		1CEAEDED175B6D6E00C898CE /* Resources */ = {
			isa = PBXResourcesBuildPhase;
			buildActionMask = 2147483647;
			files = (
				1CEAEDF9175B6D6F00C898CE /* InfoPlist.strings in Resources */,
				1CEAEE01175B6D6F00C898CE /* Default.png in Resources */,
				1CEAEE03175B6D6F00C898CE /* Default@2x.png in Resources */,
				1CEAEE05175B6D6F00C898CE /* Default-568h@2x.png in Resources */,
				1CEAEE0B175B6D6F00C898CE /* ViewController.xib in Resources */,
				D8BEAA0CCC5D0670BAC752E7 /* rectangle.png in Resources */,
			);
			runOnlyForDeploymentPostprocessing = 0;
		};
		D8BEA94AB45E0263C6C8D589 /* Resources */ = {
			isa = PBXResourcesBuildPhase;
			buildActionMask = 2147483647;
			files = (
				D8BEA46F9983DAC0EBCB8E21 /* InfoPlist.strings in Resources */,
			);
			runOnlyForDeploymentPostprocessing = 0;
		};
/* End PBXResourcesBuildPhase section */

/* Begin PBXShellScriptBuildPhase section */
		36078B19D41E40BAA8D0CB97 /* Check Pods Manifest.lock */ = {
			isa = PBXShellScriptBuildPhase;
			buildActionMask = 2147483647;
			files = (
			);
			inputPaths = (
			);
			name = "Check Pods Manifest.lock";
			outputPaths = (
			);
			runOnlyForDeploymentPostprocessing = 0;
			shellPath = /bin/sh;
			shellScript = "diff \"${PODS_ROOT}/../Podfile.lock\" \"${PODS_ROOT}/Manifest.lock\" > /dev/null\nif [[ $? != 0 ]] ; then\n    cat << EOM\nerror: The sanbox is not in sync with the Podfile.lock. Run 'pod install'.\nEOM\n    exit 1\nfi\n";
		};
		70A8B7423C874035A5744097 /* Copy Pods Resources */ = {
			isa = PBXShellScriptBuildPhase;
			buildActionMask = 2147483647;
			files = (
			);
			inputPaths = (
			);
			name = "Copy Pods Resources";
			outputPaths = (
			);
			runOnlyForDeploymentPostprocessing = 0;
			shellPath = /bin/sh;
			shellScript = "\"${SRCROOT}/Pods/Pods-resources.sh\"\n";
		};
		871A764899154895A83637F1 /* Copy Pods Resources */ = {
			isa = PBXShellScriptBuildPhase;
			buildActionMask = 2147483647;
			files = (
			);
			inputPaths = (
			);
			name = "Copy Pods Resources";
			outputPaths = (
			);
			runOnlyForDeploymentPostprocessing = 0;
			shellPath = /bin/sh;
			shellScript = "\"${SRCROOT}/Pods/Pods-PKAnimationsTests-resources.sh\"\n";
		};
		92862987BD5843BE81E1547D /* Check Pods Manifest.lock */ = {
			isa = PBXShellScriptBuildPhase;
			buildActionMask = 2147483647;
			files = (
			);
			inputPaths = (
			);
			name = "Check Pods Manifest.lock";
			outputPaths = (
			);
			runOnlyForDeploymentPostprocessing = 0;
			shellPath = /bin/sh;
			shellScript = "diff \"${PODS_ROOT}/../Podfile.lock\" \"${PODS_ROOT}/Manifest.lock\" > /dev/null\nif [[ $? != 0 ]] ; then\n    cat << EOM\nerror: The sanbox is not in sync with the Podfile.lock. Run 'pod install'.\nEOM\n    exit 1\nfi\n";
		};
		D8BEA577C9910B46A05DE37D /* ShellScript */ = {
			isa = PBXShellScriptBuildPhase;
			buildActionMask = 2147483647;
			files = (
			);
			inputPaths = (
			);
			outputPaths = (
			);
			runOnlyForDeploymentPostprocessing = 0;
			shellPath = /bin/sh;
			shellScript = "# Run the unit tests in this test bundle.\n\"${SYSTEM_DEVELOPER_DIR}/Tools/RunUnitTests\"\n";
		};
		ECF826B3153B434897418211 /* Check Pods Manifest.lock */ = {
			isa = PBXShellScriptBuildPhase;
			buildActionMask = 2147483647;
			files = (
			);
			inputPaths = (
			);
			name = "Check Pods Manifest.lock";
			outputPaths = (
			);
			runOnlyForDeploymentPostprocessing = 0;
			shellPath = /bin/sh;
			shellScript = "diff \"${PODS_ROOT}/../Podfile.lock\" \"${PODS_ROOT}/Manifest.lock\" > /dev/null\nif [[ $? != 0 ]] ; then\n    cat << EOM\nerror: The sanbox is not in sync with the Podfile.lock. Run 'pod install'.\nEOM\n    exit 1\nfi\n";
		};
		F904C00B9218489DAE4A647F /* Copy Pods Resources */ = {
			isa = PBXShellScriptBuildPhase;
			buildActionMask = 2147483647;
			files = (
			);
			inputPaths = (
			);
			name = "Copy Pods Resources";
			outputPaths = (
			);
			runOnlyForDeploymentPostprocessing = 0;
			shellPath = /bin/sh;
			shellScript = "\"${SRCROOT}/Pods/Pods-resources.sh\"\n";
		};
/* End PBXShellScriptBuildPhase section */

/* Begin PBXSourcesBuildPhase section */
		1CEAEDEB175B6D6E00C898CE /* Sources */ = {
			isa = PBXSourcesBuildPhase;
			buildActionMask = 2147483647;
			files = (
				1C53C6C4175B714C001E763D /* PKEase.h in Sources */,
				1CEAEDFB175B6D6F00C898CE /* main.m in Sources */,
				1CEAEDFF175B6D6F00C898CE /* AppDelegate.m in Sources */,
				1CEAEE08175B6D6F00C898CE /* ViewController.m in Sources */,
				D8BEA903FBAB4692B219CC09 /* PKEaseLinear.m in Sources */,
				D8BEA87A22DA46BDF94F2DB9 /* PKScaleAnimation.m in Sources */,
				D8BEA7F416CA231638C405C0 /* PKMoveAnimation.m in Sources */,
				D8BEA158158349910934CAE0 /* PKFadeAnimation.m in Sources */,
				D8BEA59569F4A37B58E0F9E9 /* PKEaseBounce.m in Sources */,
				D8BEAD1109432B9E241B041C /* PKEaseBack.m in Sources */,
				D8BEA725DA565862D1CF705A /* PKEaseCircular.m in Sources */,
				D8BEA4CFC6A992DCD4BB1190 /* PKEaseCubic.m in Sources */,
				D8BEAB116C541802BEC2EBF2 /* PKEaseElastic.m in Sources */,
				D8BEA53472D254E6E8203764 /* PKEaseExponential.m in Sources */,
				D8BEA68928BC6B6811705EC4 /* PKEaseQuadratic.m in Sources */,
				D8BEA724EF5A6ACAB4EB3FF4 /* PKEaseQuartic.m in Sources */,
				D8BEAAAAEE6D84C8E0B87B43 /* PKEaseQuintic.m in Sources */,
				D8BEA37CC9B6F8D010C63C5D /* PKEaseSine.m in Sources */,
			);
			runOnlyForDeploymentPostprocessing = 0;
		};
		D8BEA388B401627DE79E67AF /* Sources */ = {
			isa = PBXSourcesBuildPhase;
			buildActionMask = 2147483647;
			files = (
				D8BEA685B341D738B3438F68 /* PKEaseLinear.m in Sources */,
				D8BEA566BE82EF14012F786D /* PKMoveAnimation.m in Sources */,
				1C4A01EA1756910B002B7CF0 /* PKEase.h in Sources */,
				D8BEA5DD2C3606A1E4342861 /* PKFadeAnimation.m in Sources */,
				D8BEAFD5F85D73B087E7F100 /* PKScaleAnimation.m in Sources */,
				D8BEAE95F8AD68ACED7A8AE4 /* PKEaseBounce.m in Sources */,
				D8BEAEE08278E443F4C15730 /* PKEaseBack.m in Sources */,
				D8BEA570AAC92508D7088B49 /* PKEaseCircular.m in Sources */,
				D8BEA64C6A30C4F7A346DCCA /* PKEaseCubic.m in Sources */,
				D8BEA017AC302E5ABF46A325 /* PKEaseElastic.m in Sources */,
				D8BEAAE8BF4EB0279969F4AF /* PKEaseExponential.m in Sources */,
				D8BEAE64130DF58CD4174B0C /* PKEaseQuadratic.m in Sources */,
				D8BEA995CF4015C64DAF99BE /* PKEaseQuartic.m in Sources */,
				D8BEA9F2D23E9AC032C55BEE /* PKEaseQuintic.m in Sources */,
				D8BEAAD7C344151FDF3C7266 /* PKEaseSine.m in Sources */,
			);
			runOnlyForDeploymentPostprocessing = 0;
		};
		D8BEAA3D2CA08936C27F44FE /* Sources */ = {
			isa = PBXSourcesBuildPhase;
			buildActionMask = 2147483647;
			files = (
				D8BEAE880D866D544A1EC5E4 /* PKEaseLinear.m in Sources */,
				D8BEA0EE0767A2C39B15207B /* PKMoveAnimation.m in Sources */,
				D8BEAA3070A4F23DACDAF533 /* PKMoveAnimationSpec.m in Sources */,
				1C5F1B5B175A7E06004A63CF /* PKEase.h in Sources */,
				D8BEA0790F9ACCF6382D04B6 /* PKFadeAnimation.m in Sources */,
				D8BEA657AAC9624D6AE0D288 /* PKFadeAnimationSpec.m in Sources */,
				D8BEA3FAB7C7DA05060D1B9C /* PKScaleAnimation.m in Sources */,
				D8BEAC1CF6285EC90E48183A /* PKScaleAnimationSpec.m in Sources */,
				D8BEADAA4705EFF14AA6EA85 /* PKEaseBounce.m in Sources */,
				D8BEA4128CE2E6733BD75113 /* PKEaseBack.m in Sources */,
				D8BEA4C19AD2705141F591E8 /* PKEaseCircular.m in Sources */,
				D8BEABB00E617D22280CBA61 /* PKEaseCubic.m in Sources */,
				D8BEA921C5610C19A673B0A3 /* PKEaseElastic.m in Sources */,
				D8BEA396E3023BD900E82833 /* PKEaseExponential.m in Sources */,
				D8BEA3CB1BDAAC5806969EB8 /* PKEaseQuadratic.m in Sources */,
				D8BEAAC85477727A8ACE4AA2 /* PKEaseQuartic.m in Sources */,
				D8BEA82E8EB198A095F06ABC /* PKEaseQuintic.m in Sources */,
				D8BEA64E03A2C97126132E54 /* PKEaseSine.m in Sources */,
			);
			runOnlyForDeploymentPostprocessing = 0;
		};
/* End PBXSourcesBuildPhase section */

/* Begin PBXTargetDependency section */
		D8BEA6F6BE6CFC7100F108B9 /* PBXTargetDependency */ = {
			isa = PBXTargetDependency;
			target = D8BEA794BD03D8AFF49A161C /* PKAnimations */;
			targetProxy = D8BEA50BCBB92D52D821EE94 /* PBXContainerItemProxy */;
		};
/* End PBXTargetDependency section */

/* Begin PBXVariantGroup section */
		1CEAEDF7175B6D6F00C898CE /* InfoPlist.strings */ = {
			isa = PBXVariantGroup;
			children = (
				1CEAEDF8175B6D6F00C898CE /* en */,
			);
			name = InfoPlist.strings;
			sourceTree = "<group>";
		};
		1CEAEE09175B6D6F00C898CE /* ViewController.xib */ = {
			isa = PBXVariantGroup;
			children = (
				1CEAEE0A175B6D6F00C898CE /* ViewController.xib */,
			);
			name = ViewController.xib;
			sourceTree = "<group>";
		};
		D8BEA9BE4FB6A9AD7402BFC2 /* InfoPlist.strings */ = {
			isa = PBXVariantGroup;
			children = (
				D8BEA575DEE6975E8CE849EA /* en */,
			);
			name = InfoPlist.strings;
			sourceTree = "<group>";
		};
/* End PBXVariantGroup section */

/* Begin XCBuildConfiguration section */
		1CEAEE0F175B6D6F00C898CE /* Release */ = {
			isa = XCBuildConfiguration;
			baseConfigurationReference = 4273FC4425E34C4296BDA3BC /* Pods.xcconfig */;
			buildSettings = {
				"CODE_SIGN_IDENTITY[sdk=iphoneos*]" = "iPhone Developer";
				GCC_PRECOMPILE_PREFIX_HEADER = YES;
				GCC_PREFIX_HEADER = "PKAnimationsExample/PKAnimationsExample-Prefix.pch";
				INFOPLIST_FILE = "PKAnimationsExample/PKAnimationsExample-Info.plist";
				OTHER_CFLAGS = "-DNS_BLOCK_ASSERTIONS=1";
				PRODUCT_NAME = "$(TARGET_NAME)";
				TARGETED_DEVICE_FAMILY = "1,2";
				USER_HEADER_SEARCH_PATHS = "\"${PROJECT_DIR}/Pods\"/**";
				WRAPPER_EXTENSION = app;
			};
			name = Release;
		};
		1CEAEE10175B6D6F00C898CE /* Debug */ = {
			isa = XCBuildConfiguration;
			baseConfigurationReference = 4273FC4425E34C4296BDA3BC /* Pods.xcconfig */;
			buildSettings = {
				"CODE_SIGN_IDENTITY[sdk=iphoneos*]" = "iPhone Developer";
				GCC_PRECOMPILE_PREFIX_HEADER = YES;
				GCC_PREFIX_HEADER = "PKAnimationsExample/PKAnimationsExample-Prefix.pch";
				INFOPLIST_FILE = "PKAnimationsExample/PKAnimationsExample-Info.plist";
				PRODUCT_NAME = "$(TARGET_NAME)";
				TARGETED_DEVICE_FAMILY = "1,2";
				USER_HEADER_SEARCH_PATHS = "\"${PROJECT_DIR}/Pods\"/**";
				WRAPPER_EXTENSION = app;
			};
			name = Debug;
		};
		D8BEA43B14A5574266555320 /* Release */ = {
			isa = XCBuildConfiguration;
			baseConfigurationReference = AD4216C76DB8429891DE93D6 /* Pods-PKAnimationsTests.xcconfig */;
			buildSettings = {
				FRAMEWORK_SEARCH_PATHS = (
					"\"$(SDKROOT)/Developer/Library/Frameworks\"",
					"\"$(DEVELOPER_LIBRARY_DIR)/Frameworks\"",
				);
				GCC_PRECOMPILE_PREFIX_HEADER = YES;
				GCC_PREFIX_HEADER = "PKAnimations/PKAnimations-Prefix.pch";
				INFOPLIST_FILE = "PKAnimationsTests/PKAnimationsTests-Info.plist";
				PRODUCT_NAME = "$(TARGET_NAME)";
				USER_HEADER_SEARCH_PATHS = "\"${PROJECT_DIR}/Pods\"/**";
				WRAPPER_EXTENSION = octest;
			};
			name = Release;
		};
		D8BEA5C7822F90CFF11B1FFE /* Release */ = {
			isa = XCBuildConfiguration;
			baseConfigurationReference = A743A831E6A748C1AF101401 /* Pods.xcconfig */;
			buildSettings = {
				DSTROOT = /tmp/PKAnimations.dst;
				GCC_PRECOMPILE_PREFIX_HEADER = YES;
				GCC_PREFIX_HEADER = "PKAnimations/PKAnimations-Prefix.pch";
				OTHER_LDFLAGS = "-ObjC";
				PRODUCT_NAME = "$(TARGET_NAME)";
				SKIP_INSTALL = YES;
			};
			name = Release;
		};
		D8BEAAAC284289538154A83D /* Release */ = {
			isa = XCBuildConfiguration;
			buildSettings = {
				ALWAYS_SEARCH_USER_PATHS = NO;
				CLANG_CXX_LANGUAGE_STANDARD = "gnu++0x";
				CLANG_CXX_LIBRARY = "libc++";
				CLANG_ENABLE_OBJC_ARC = YES;
				CLANG_WARN_CONSTANT_CONVERSION = YES;
				CLANG_WARN_EMPTY_BODY = YES;
				CLANG_WARN_ENUM_CONVERSION = YES;
				CLANG_WARN_INT_CONVERSION = YES;
				CLANG_WARN__DUPLICATE_METHOD_MATCH = YES;
				COPY_PHASE_STRIP = YES;
				GCC_C_LANGUAGE_STANDARD = gnu99;
				GCC_WARN_ABOUT_RETURN_TYPE = YES;
				GCC_WARN_UNINITIALIZED_AUTOS = YES;
				GCC_WARN_UNUSED_VARIABLE = YES;
				IPHONEOS_DEPLOYMENT_TARGET = 6.1;
				SDKROOT = iphoneos;
				VALIDATE_PRODUCT = YES;
			};
			name = Release;
		};
		D8BEADCECF7AD8D07AC986D8 /* Debug */ = {
			isa = XCBuildConfiguration;
			baseConfigurationReference = A743A831E6A748C1AF101401 /* Pods.xcconfig */;
			buildSettings = {
				DSTROOT = /tmp/PKAnimations.dst;
				GCC_PRECOMPILE_PREFIX_HEADER = YES;
				GCC_PREFIX_HEADER = "PKAnimations/PKAnimations-Prefix.pch";
				OTHER_LDFLAGS = "-ObjC";
				PRODUCT_NAME = "$(TARGET_NAME)";
				SKIP_INSTALL = YES;
			};
			name = Debug;
		};
		D8BEAE637D780021DB46F648 /* Debug */ = {
			isa = XCBuildConfiguration;
			buildSettings = {
				ALWAYS_SEARCH_USER_PATHS = NO;
				CLANG_CXX_LANGUAGE_STANDARD = "gnu++0x";
				CLANG_CXX_LIBRARY = "libc++";
				CLANG_ENABLE_OBJC_ARC = YES;
				CLANG_WARN_CONSTANT_CONVERSION = YES;
				CLANG_WARN_EMPTY_BODY = YES;
				CLANG_WARN_ENUM_CONVERSION = YES;
				CLANG_WARN_INT_CONVERSION = YES;
				CLANG_WARN__DUPLICATE_METHOD_MATCH = YES;
				COPY_PHASE_STRIP = NO;
				GCC_C_LANGUAGE_STANDARD = gnu99;
				GCC_DYNAMIC_NO_PIC = NO;
				GCC_OPTIMIZATION_LEVEL = 0;
				GCC_PREPROCESSOR_DEFINITIONS = (
					"DEBUG=1",
					"$(inherited)",
				);
				GCC_SYMBOLS_PRIVATE_EXTERN = NO;
				GCC_WARN_ABOUT_RETURN_TYPE = YES;
				GCC_WARN_UNINITIALIZED_AUTOS = YES;
				GCC_WARN_UNUSED_VARIABLE = YES;
				IPHONEOS_DEPLOYMENT_TARGET = 6.1;
				ONLY_ACTIVE_ARCH = YES;
				SDKROOT = iphoneos;
			};
			name = Debug;
		};
		D8BEAE7E8B2645F5C618F776 /* Debug */ = {
			isa = XCBuildConfiguration;
			baseConfigurationReference = AD4216C76DB8429891DE93D6 /* Pods-PKAnimationsTests.xcconfig */;
			buildSettings = {
				FRAMEWORK_SEARCH_PATHS = (
					"\"$(SDKROOT)/Developer/Library/Frameworks\"",
					"\"$(DEVELOPER_LIBRARY_DIR)/Frameworks\"",
				);
				GCC_PRECOMPILE_PREFIX_HEADER = YES;
				GCC_PREFIX_HEADER = "PKAnimations/PKAnimations-Prefix.pch";
				INFOPLIST_FILE = "PKAnimationsTests/PKAnimationsTests-Info.plist";
				PRODUCT_NAME = "$(TARGET_NAME)";
				USER_HEADER_SEARCH_PATHS = "\"${PROJECT_DIR}/Pods\"/**";
				WRAPPER_EXTENSION = octest;
			};
			name = Debug;
		};
/* End XCBuildConfiguration section */

/* Begin XCConfigurationList section */
		1CEAEE11175B6D6F00C898CE /* Build configuration list for PBXNativeTarget "PKAnimationsExample" */ = {
			isa = XCConfigurationList;
			buildConfigurations = (
				1CEAEE0F175B6D6F00C898CE /* Release */,
				1CEAEE10175B6D6F00C898CE /* Debug */,
			);
			defaultConfigurationIsVisible = 0;
			defaultConfigurationName = Release;
		};
		D8BEA17C12EFDB405D827962 /* Build configuration list for PBXNativeTarget "PKAnimationsTests" */ = {
			isa = XCConfigurationList;
			buildConfigurations = (
				D8BEA43B14A5574266555320 /* Release */,
				D8BEAE7E8B2645F5C618F776 /* Debug */,
			);
			defaultConfigurationIsVisible = 0;
			defaultConfigurationName = Release;
		};
		D8BEAC9AECBAE7511E46CE2C /* Build configuration list for PBXProject "PKAnimations" */ = {
			isa = XCConfigurationList;
			buildConfigurations = (
				D8BEAAAC284289538154A83D /* Release */,
				D8BEAE637D780021DB46F648 /* Debug */,
			);
			defaultConfigurationIsVisible = 0;
			defaultConfigurationName = Release;
		};
		D8BEAD11FCC83516B95D9E14 /* Build configuration list for PBXNativeTarget "PKAnimations" */ = {
			isa = XCConfigurationList;
			buildConfigurations = (
				D8BEA5C7822F90CFF11B1FFE /* Release */,
				D8BEADCECF7AD8D07AC986D8 /* Debug */,
			);
			defaultConfigurationIsVisible = 0;
			defaultConfigurationName = Release;
		};
/* End XCConfigurationList section */
	};
	rootObject = D8BEAEAFF596D00D21B61BBB /* Project object */;
}
