<?xml version="1.0" encoding="UTF-8"?>
<Scheme
   version = "1.3">
   <BuildAction>
      <BuildActionEntries>
         <BuildActionEntry
            buildForRunning = "YES"
            buildForTesting = "YES">
            <BuildableReference
               BuildableIdentifier = "primary"
               BlueprintIdentifier = "D8BEA8B6D06C6C1E638DD6CB"
               BuildableName = "PKAnimationsTests.octest"
               BlueprintName = "PKAnimationsTests"
               ReferencedContainer = "container:PKAnimations.xcodeproj">
            </BuildableReference>
         </BuildActionEntry>
      </BuildActionEntries>
   </BuildAction>
   <TestAction
      buildConfiguration = "Debug">
      <Testables>
         <TestableReference>
            <BuildableReference
               BuildableIdentifier = "primary"
               BlueprintIdentifier = "D8BEA8B6D06C6C1E638DD6CB"
               BuildableName = "PKAnimationsTests.octest"
               BlueprintName = "PKAnimationsTests"
               ReferencedContainer = "container:PKAnimations.xcodeproj">
            </BuildableReference>
         </TestableReference>
      </Testables>
   </TestAction>
   <LaunchAction
      useCustomWorkingDirectory = "NO">
   </LaunchAction>
</Scheme>
